
Microsoft Visual Studio Solution File, Format Version 12.00
# Visual Studio Version 16
VisualStudioVersion = 16.0.30114.105
MinimumVisualStudioVersion = 10.0.40219.1
Project("{9A19103F-16F7-4668-BE54-9A1E7A4F7556}") = "Garage.Services.CustomerManagement", "Garage.Services.CustomerManagement\Garage.Services.CustomerManagement.csproj", "{A6DE30F5-40EA-4D3F-A22F-DE248E1D0265}"
EndProject
Project("{9A19103F-16F7-4668-BE54-9A1E7A4F7556}") = "Garage.HostApi", "Garage.HostApi\Garage.HostApi.csproj", "{5E202C6A-D151-4C7A-BACA-0E0B6B3901CE}"
EndProject
Project("{9A19103F-16F7-4668-BE54-9A1E7A4F7556}") = "Garage.Domain", "Garage.Domain\Garage.Domain.csproj", "{28CB9422-39C7-4056-AB6A-8A35114B1F94}"
EndProject
Project("{9A19103F-16F7-4668-BE54-9A1E7A4F7556}") = "Garage.Infrastructure", "Garage.Infrastructure\Garage.Infrastructure.csproj", "{839D496F-288E-46E9-95A8-A99B01902763}"
EndProject
Global
	GlobalSection(SolutionConfigurationPlatforms) = preSolution
		Debug|Any CPU = Debug|Any CPU
		Release|Any CPU = Release|Any CPU
	EndGlobalSection
	GlobalSection(ProjectConfigurationPlatforms) = postSolution
		{A6DE30F5-40EA-4D3F-A22F-DE248E1D0265}.Debug|Any CPU.ActiveCfg = Debug|Any CPU
		{A6DE30F5-40EA-4D3F-A22F-DE248E1D0265}.Debug|Any CPU.Build.0 = Debug|Any CPU
		{A6DE30F5-40EA-4D3F-A22F-DE248E1D0265}.Release|Any CPU.ActiveCfg = Release|Any CPU
		{A6DE30F5-40EA-4D3F-A22F-DE248E1D0265}.Release|Any CPU.Build.0 = Release|Any CPU
		{5E202C6A-D151-4C7A-BACA-0E0B6B3901CE}.Debug|Any CPU.ActiveCfg = Debug|Any CPU
		{5E202C6A-D151-4C7A-BACA-0E0B6B3901CE}.Debug|Any CPU.Build.0 = Debug|Any CPU
		{5E202C6A-D151-4C7A-BACA-0E0B6B3901CE}.Release|Any CPU.ActiveCfg = Release|Any CPU
		{5E202C6A-D151-4C7A-BACA-0E0B6B3901CE}.Release|Any CPU.Build.0 = Release|Any CPU
		{28CB9422-39C7-4056-AB6A-8A35114B1F94}.Debug|Any CPU.ActiveCfg = Debug|Any CPU
		{28CB9422-39C7-4056-AB6A-8A35114B1F94}.Debug|Any CPU.Build.0 = Debug|Any CPU
		{28CB9422-39C7-4056-AB6A-8A35114B1F94}.Release|Any CPU.ActiveCfg = Release|Any CPU
		{28CB9422-39C7-4056-AB6A-8A35114B1F94}.Release|Any CPU.Build.0 = Release|Any CPU
		{839D496F-288E-46E9-95A8-A99B01902763}.Debug|Any CPU.ActiveCfg = Debug|Any CPU
		{839D496F-288E-46E9-95A8-A99B01902763}.Debug|Any CPU.Build.0 = Debug|Any CPU
		{839D496F-288E-46E9-95A8-A99B01902763}.Release|Any CPU.ActiveCfg = Release|Any CPU
		{839D496F-288E-46E9-95A8-A99B01902763}.Release|Any CPU.Build.0 = Release|Any CPU
	EndGlobalSection
	GlobalSection(SolutionProperties) = preSolution
		HideSolutionNode = FALSE
	EndGlobalSection
	GlobalSection(ExtensibilityGlobals) = postSolution
		SolutionGuid = {DC304D64-31B0-416F-9D2D-EAB8FB75A37E}
	EndGlobalSection
EndGlobal
