
Microsoft Visual Studio Solution File, Format Version 12.00
# Visual Studio Version 16
VisualStudioVersion = 16.0.30114.105
MinimumVisualStudioVersion = 10.0.40219.1
Project("{9A19103F-16F7-4668-BE54-9A1E7A4F7556}") = "Garage.Domain", "Garage.Domain\Garage.Domain.csproj", "{28CB9422-39C7-4056-AB6A-8A35114B1F94}"
EndProject
Project("{9A19103F-16F7-4668-BE54-9A1E7A4F7556}") = "Garage.Infrastructure", "Garage.Infrastructure\Garage.Infrastructure.csproj", "{839D496F-288E-46E9-95A8-A99B01902763}"
EndProject
Project("{9A19103F-16F7-4668-BE54-9A1E7A4F7556}") = "Garage.Application", "Garage.Application\Garage.Application.csproj", "{6632C348-4C69-4197-8B2B-EA64827BBBED}"
EndProject
Project("{9A19103F-16F7-4668-BE54-9A1E7A4F7556}") = "Garage.Api", "Garage.Api\Garage.Api.csproj", "{ABBFB600-A8DD-4829-B642-BA25E2059155}"
EndProject
Project("{FAE04EC0-301F-11D3-BF4B-00C04F79EFBC}") = "Garage.Website", "Garage.Website\Garage.Website.csproj", "{FEFDA230-835D-4E1E-B3FD-698CB3FF4C81}"
EndProject
Global
	GlobalSection(SolutionConfigurationPlatforms) = preSolution
		Debug|Any CPU = Debug|Any CPU
		Release|Any CPU = Release|Any CPU
	EndGlobalSection
	GlobalSection(ProjectConfigurationPlatforms) = postSolution
		{28CB9422-39C7-4056-AB6A-8A35114B1F94}.Debug|Any CPU.ActiveCfg = Debug|Any CPU
		{28CB9422-39C7-4056-AB6A-8A35114B1F94}.Debug|Any CPU.Build.0 = Debug|Any CPU
		{28CB9422-39C7-4056-AB6A-8A35114B1F94}.Release|Any CPU.ActiveCfg = Release|Any CPU
		{28CB9422-39C7-4056-AB6A-8A35114B1F94}.Release|Any CPU.Build.0 = Release|Any CPU
		{839D496F-288E-46E9-95A8-A99B01902763}.Debug|Any CPU.ActiveCfg = Debug|Any CPU
		{839D496F-288E-46E9-95A8-A99B01902763}.Debug|Any CPU.Build.0 = Debug|Any CPU
		{839D496F-288E-46E9-95A8-A99B01902763}.Release|Any CPU.ActiveCfg = Release|Any CPU
		{839D496F-288E-46E9-95A8-A99B01902763}.Release|Any CPU.Build.0 = Release|Any CPU
		{6632C348-4C69-4197-8B2B-EA64827BBBED}.Debug|Any CPU.ActiveCfg = Debug|Any CPU
		{6632C348-4C69-4197-8B2B-EA64827BBBED}.Debug|Any CPU.Build.0 = Debug|Any CPU
		{6632C348-4C69-4197-8B2B-EA64827BBBED}.Release|Any CPU.ActiveCfg = Release|Any CPU
		{6632C348-4C69-4197-8B2B-EA64827BBBED}.Release|Any CPU.Build.0 = Release|Any CPU
		{ABBFB600-A8DD-4829-B642-BA25E2059155}.Debug|Any CPU.ActiveCfg = Debug|Any CPU
		{ABBFB600-A8DD-4829-B642-BA25E2059155}.Debug|Any CPU.Build.0 = Debug|Any CPU
		{ABBFB600-A8DD-4829-B642-BA25E2059155}.Release|Any CPU.ActiveCfg = Release|Any CPU
		{ABBFB600-A8DD-4829-B642-BA25E2059155}.Release|Any CPU.Build.0 = Release|Any CPU
		{FEFDA230-835D-4E1E-B3FD-698CB3FF4C81}.Debug|Any CPU.ActiveCfg = Debug|Any CPU
		{FEFDA230-835D-4E1E-B3FD-698CB3FF4C81}.Debug|Any CPU.Build.0 = Debug|Any CPU
		{FEFDA230-835D-4E1E-B3FD-698CB3FF4C81}.Release|Any CPU.ActiveCfg = Release|Any CPU
		{FEFDA230-835D-4E1E-B3FD-698CB3FF4C81}.Release|Any CPU.Build.0 = Release|Any CPU
	EndGlobalSection
	GlobalSection(SolutionProperties) = preSolution
		HideSolutionNode = FALSE
	EndGlobalSection
	GlobalSection(ExtensibilityGlobals) = postSolution
		SolutionGuid = {DC304D64-31B0-416F-9D2D-EAB8FB75A37E}
	EndGlobalSection
EndGlobal
